{
  "name": "big-bird",
  "version": "1.0.0",
  "lockfileVersion": 2,
  "requires": true,
  "packages": {
    "": {
      "name": "big-bird",
      "version": "1.0.0",
      "dependencies": {
        "brace-expansion": "^4.0.1"
      }
    },
    "node_modules/brace-expansion": {
      "version": "4.0.1",
      "resolved": "https://registry.npmjs.org/brace-expansion/-/brace-expansion-4.0.1.tgz",
      "integrity": "sha512-fixedhash=="
    }
  },
  "dependencies": {
    "brace-expansion": {
      "version": "4.0.1",
      "resolved": "https://registry.npmjs.org/brace-expansion/-/brace-expansion-4.0.1.tgz",
      "integrity": "sha512-fixedhash=="
    }
  }
}
