{
  "name": "big-bird",
  "version": "1.0.0",
  "lockfileVersion": 3,
  "requires": true,
  "packages": {
    "": {
      "name": "big-bird",
      "version": "1.0.0",
      "hasInstallScript": true,
      "dependencies": {
        "brace-expansion": "^4.0.1"
      }
    },
    "node_modules/balanced-match": {
      "version": "3.0.1",
      "resolved": "https://registry.npmjs.org/balanced-match/-/balanced-match-3.0.1.tgz",
      "integrity": "sha512-vjtV3hiLqYDNRoiAv0zC4QaGAMPomEoq83PRmYIofPswwZurCeWR5LByXm7SyoL0Zh5+2z0+HC7jG8gSZJUh0w==",
      "license": "MIT",
      "engines": {
        "node": ">= 16"
      }
    },
    "node_modules/brace-expansion": {
      "version": "4.0.1",
      "resolved": "https://registry.npmjs.org/brace-expansion/-/brace-expansion-4.0.1.tgz",
      "integrity": "sha512-YClrbvTCXGe70pU2JiEiPLYXO9gQkyxYeKpJIQHVS/gOs6EWMQP2RYBwjFLNT322Ji8TOC3IMPfsYCedNpzKfA==",
      "license": "MIT",
      "dependencies": {
        "balanced-match": "^3.0.0"
      },
      "engines": {
        "node": ">= 18"
      }
    }
  }
}